
Microsoft Visual Studio Solution File, Format Version 12.00
# Visual Studio Version 17
VisualStudioVersion = 17.13.35931.197 d17.13
MinimumVisualStudioVersion = 10.0.40219.1
Project("{FAE04EC0-301F-11D3-BF4B-00C04F79EFBC}") = "WinFormsApp1", "WinFormsApp1.csproj", "{7A722699-15F8-4704-87F8-6A90198E94BF}"
EndProject
Global
	GlobalSection(SolutionConfigurationPlatforms) = preSolution
		Debug|Any CPU = Debug|Any CPU
		Release|Any CPU = Release|Any CPU
	EndGlobalSection
	GlobalSection(ProjectConfigurationPlatforms) = postSolution
		{7A722699-15F8-4704-87F8-6A90198E94BF}.Debug|Any CPU.ActiveCfg = Debug|Any CPU
		{7A722699-15F8-4704-87F8-6A90198E94BF}.Debug|Any CPU.Build.0 = Debug|Any CPU
		{7A722699-15F8-4704-87F8-6A90198E94BF}.Release|Any CPU.ActiveCfg = Release|Any CPU
		{7A722699-15F8-4704-87F8-6A90198E94BF}.Release|Any CPU.Build.0 = Release|Any CPU
	EndGlobalSection
	GlobalSection(SolutionProperties) = preSolution
		HideSolutionNode = FALSE
	EndGlobalSection
	GlobalSection(ExtensibilityGlobals) = postSolution
		SolutionGuid = {80FAEFF4-6013-4AAD-9E12-94F65CBFEF34}
	EndGlobalSection
EndGlobal
